
Microsoft Visual Studio Solution File, Format Version 12.00
# Visual Studio Version 17
VisualStudioVersion = 17.5.33414.496
MinimumVisualStudioVersion = 10.0.40219.1
Project("{FAE04EC0-301F-11D3-BF4B-00C04F79EFBC}") = "Lab_4", "Lab_4.csproj", "{C9B44341-72A4-4D8F-B838-A2C597255D19}"
EndProject
Global
	GlobalSection(SolutionConfigurationPlatforms) = preSolution
		Debug|Any CPU = Debug|Any CPU
		Release|Any CPU = Release|Any CPU
	EndGlobalSection
	GlobalSection(ProjectConfigurationPlatforms) = postSolution
		{C9B44341-72A4-4D8F-B838-A2C597255D19}.Debug|Any CPU.ActiveCfg = Debug|Any CPU
		{C9B44341-72A4-4D8F-B838-A2C597255D19}.Debug|Any CPU.Build.0 = Debug|Any CPU
		{C9B44341-72A4-4D8F-B838-A2C597255D19}.Release|Any CPU.ActiveCfg = Release|Any CPU
		{C9B44341-72A4-4D8F-B838-A2C597255D19}.Release|Any CPU.Build.0 = Release|Any CPU
	EndGlobalSection
	GlobalSection(SolutionProperties) = preSolution
		HideSolutionNode = FALSE
	EndGlobalSection
	GlobalSection(ExtensibilityGlobals) = postSolution
		SolutionGuid = {2D58ED72-9967-4657-8E52-3A3C854E474E}
	EndGlobalSection
EndGlobal
