
Microsoft Visual Studio Solution File, Format Version 12.00
# Visual Studio Version 17
VisualStudioVersion = 17.5.33414.496
MinimumVisualStudioVersion = 10.0.40219.1
Project("{FAE04EC0-301F-11D3-BF4B-00C04F79EFBC}") = "TCPserver", "TCPserver.csproj", "{94F998A9-F47C-473A-864F-7783135DA5DB}"
EndProject
Global
	GlobalSection(SolutionConfigurationPlatforms) = preSolution
		Debug|Any CPU = Debug|Any CPU
		Release|Any CPU = Release|Any CPU
	EndGlobalSection
	GlobalSection(ProjectConfigurationPlatforms) = postSolution
		{94F998A9-F47C-473A-864F-7783135DA5DB}.Debug|Any CPU.ActiveCfg = Debug|Any CPU
		{94F998A9-F47C-473A-864F-7783135DA5DB}.Debug|Any CPU.Build.0 = Debug|Any CPU
		{94F998A9-F47C-473A-864F-7783135DA5DB}.Release|Any CPU.ActiveCfg = Release|Any CPU
		{94F998A9-F47C-473A-864F-7783135DA5DB}.Release|Any CPU.Build.0 = Release|Any CPU
	EndGlobalSection
	GlobalSection(SolutionProperties) = preSolution
		HideSolutionNode = FALSE
	EndGlobalSection
	GlobalSection(ExtensibilityGlobals) = postSolution
		SolutionGuid = {F27A2939-7228-4794-AAB2-B9599160D390}
	EndGlobalSection
EndGlobal
